// !$*UTF8*$!
{
	archiveVersion = 1;
	classes = {
	};
	objectVersion = 50;
	objects = {

/* Begin PBXBuildFile section */
		81053579248E755600C602DC /* IMDFVenueOverlay.swift in Sources */ = {isa = PBXBuildFile; fileRef = 81053578248E755600C602DC /* IMDFVenueOverlay.swift */; };
		8105357C248E785E00C602DC /* VenueEditController.swift in Sources */ = {isa = PBXBuildFile; fileRef = 8105357B248E785E00C602DC /* VenueEditController.swift */; };
		8105357E248E7BB800C602DC /* VenueEditCategoryController.swift in Sources */ = {isa = PBXBuildFile; fileRef = 8105357D248E7BB800C602DC /* VenueEditCategoryController.swift */; };
		81053580248E8B8F00C602DC /* MCDrawingConfirmToolStack.swift in Sources */ = {isa = PBXBuildFile; fileRef = 8105357F248E8B8F00C602DC /* MCDrawingConfirmToolStack.swift */; };
		810A79C0248C0EF800962B2D /* FeatureCoordinatesController.swift in Sources */ = {isa = PBXBuildFile; fileRef = 810A79BF248C0EF800962B2D /* FeatureCoordinatesController.swift */; };
		810A79C2248C1A5900962B2D /* FeatureChangeController.swift in Sources */ = {isa = PBXBuildFile; fileRef = 810A79C1248C1A5900962B2D /* FeatureChangeController.swift */; };
		810D0D0123F3284100DC5D74 /* IMDFProjectManifest.swift in Sources */ = {isa = PBXBuildFile; fileRef = 810D0D0023F3284100DC5D74 /* IMDFProjectManifest.swift */; };
		8120AC7F23F9505300696FCA /* ProjectExplorerProjectTableViewCell.swift in Sources */ = {isa = PBXBuildFile; fileRef = 8120AC7E23F9505300696FCA /* ProjectExplorerProjectTableViewCell.swift */; };
		8120AC8123F9982800696FCA /* ScrollViewController.swift in Sources */ = {isa = PBXBuildFile; fileRef = 8120AC8023F9982800696FCA /* ScrollViewController.swift */; };
		81241547242C144200D60ED9 /* App Icon.xcassets in Resources */ = {isa = PBXBuildFile; fileRef = 81241546242C144200D60ED9 /* App Icon.xcassets */; };
		8124FD672457167A0099581E /* ISO3166.swift in Sources */ = {isa = PBXBuildFile; fileRef = 8124FD662457167A0099581E /* ISO3166.swift */; };
		8124FD6924571D0D0099581E /* ISO-3166-2-units.plist in Resources */ = {isa = PBXBuildFile; fileRef = 8124FD6824571D0D0099581E /* ISO-3166-2-units.plist */; };
		812608F02458A19300FF0D08 /* AnchorsListController.swift in Sources */ = {isa = PBXBuildFile; fileRef = 812608EF2458A19300FF0D08 /* AnchorsListController.swift */; };
		813B3E4E23F899D700D02404 /* MapCanvasViewController.swift in Sources */ = {isa = PBXBuildFile; fileRef = 813B3E4D23F899D700D02404 /* MapCanvasViewController.swift */; };
		8141C7DA23FAD075008AC7DD /* Style.swift in Sources */ = {isa = PBXBuildFile; fileRef = 8141C7D923FAD075008AC7DD /* Style.swift */; };
		8141C7DC23FAE980008AC7DD /* Constraints.swift in Sources */ = {isa = PBXBuildFile; fileRef = 8141C7DB23FAE980008AC7DD /* Constraints.swift */; };
		8141C7E023FAEE15008AC7DD /* MCMapCanvas.swift in Sources */ = {isa = PBXBuildFile; fileRef = 8141C7DF23FAEE15008AC7DD /* MCMapCanvas.swift */; };
		8141C7E423FAF8AB008AC7DD /* MCToolStack.swift in Sources */ = {isa = PBXBuildFile; fileRef = 8141C7E323FAF8AB008AC7DD /* MCToolStack.swift */; };
		8141C7E623FAF91E008AC7DD /* MCToolStackItem.swift in Sources */ = {isa = PBXBuildFile; fileRef = 8141C7E523FAF91E008AC7DD /* MCToolStackItem.swift */; };
		814EBB74241D626E0028225C /* RulerView.swift in Sources */ = {isa = PBXBuildFile; fileRef = 814EBB73241D626E0028225C /* RulerView.swift */; };
		814EBB76241D6A170028225C /* Spacing.swift in Sources */ = {isa = PBXBuildFile; fileRef = 814EBB75241D6A170028225C /* Spacing.swift */; };
		814EBB78241D71150028225C /* MCDistanceRuler.swift in Sources */ = {isa = PBXBuildFile; fileRef = 814EBB77241D71150028225C /* MCDistanceRuler.swift */; };
		814F5FCE24688D6C004E0215 /* MKPolygonUtils.swift in Sources */ = {isa = PBXBuildFile; fileRef = 814F5FCD24688D6C004E0215 /* MKPolygonUtils.swift */; };
		814F5FD124688FA1004E0215 /* UnitsEditController.swift in Sources */ = {isa = PBXBuildFile; fileRef = 814F5FD024688FA1004E0215 /* UnitsEditController.swift */; };
		8153BB20241FB76700FF6335 /* MCPointAssembler.swift in Sources */ = {isa = PBXBuildFile; fileRef = 8153BB1F241FB76700FF6335 /* MCPointAssembler.swift */; };
		8153BB22241FB78B00FF6335 /* MCShapeAssembler.swift in Sources */ = {isa = PBXBuildFile; fileRef = 8153BB21241FB78B00FF6335 /* MCShapeAssembler.swift */; };
		8153BB24241FBC4F00FF6335 /* Venue.swift in Sources */ = {isa = PBXBuildFile; fileRef = 8153BB23241FBC4F00FF6335 /* Venue.swift */; };
		8153BB28241FBDC300FF6335 /* IMDFType.swift in Sources */ = {isa = PBXBuildFile; fileRef = 8153BB27241FBDC300FF6335 /* IMDFType.swift */; };
		8153BB2A241FC13A00FF6335 /* MCPolygonAssembler.swift in Sources */ = {isa = PBXBuildFile; fileRef = 8153BB29241FC13A00FF6335 /* MCPolygonAssembler.swift */; };
		8153BB2C241FCA3500FF6335 /* MCDrawingConfirmToolStackItem.swift in Sources */ = {isa = PBXBuildFile; fileRef = 8153BB2B241FCA3500FF6335 /* MCDrawingConfirmToolStackItem.swift */; };
		8153BB2E241FD0FC00FF6335 /* IMDFUnitOverlay.swift in Sources */ = {isa = PBXBuildFile; fileRef = 8153BB2D241FD0FC00FF6335 /* IMDFUnitOverlay.swift */; };
		816DC52623F0606B00E1471D /* AppDelegate.swift in Sources */ = {isa = PBXBuildFile; fileRef = 816DC52523F0606B00E1471D /* AppDelegate.swift */; };
		816DC52823F0606B00E1471D /* SceneDelegate.swift in Sources */ = {isa = PBXBuildFile; fileRef = 816DC52723F0606B00E1471D /* SceneDelegate.swift */; };
		816DC53E23F0679900E1471D /* RootController.swift in Sources */ = {isa = PBXBuildFile; fileRef = 816DC53D23F0679900E1471D /* RootController.swift */; };
		817323222423EDF10050AD34 /* InitialPanGestureRecognizer.swift in Sources */ = {isa = PBXBuildFile; fileRef = 817323212423EDF10050AD34 /* InitialPanGestureRecognizer.swift */; };
		8174854A2418177F00EE3E12 /* ISO-3166-2.plist in Resources */ = {isa = PBXBuildFile; fileRef = 817485492418177F00EE3E12 /* ISO-3166-2.plist */; };
		8174854C24182A4400EE3E12 /* DetailTableViewController.swift in Sources */ = {isa = PBXBuildFile; fileRef = 8174854B24182A4400EE3E12 /* DetailTableViewController.swift */; };
		817C3F6E245DC84800D00034 /* CGPointUtils.swift in Sources */ = {isa = PBXBuildFile; fileRef = 817C3F6D245DC84800D00034 /* CGPointUtils.swift */; };
		817C3F70245DDA8200D00034 /* AnchorsEditController.swift in Sources */ = {isa = PBXBuildFile; fileRef = 817C3F6F245DDA8200D00034 /* AnchorsEditController.swift */; };
		817C3F72245DDACA00D00034 /* PointFeatureEditController.swift in Sources */ = {isa = PBXBuildFile; fileRef = 817C3F71245DDACA00D00034 /* PointFeatureEditController.swift */; };
		817C3F74245DDAF900D00034 /* FeatureEditController.swift in Sources */ = {isa = PBXBuildFile; fileRef = 817C3F73245DDAF900D00034 /* FeatureEditController.swift */; };
		8182AFC6247D443800925FF2 /* FeatureLabelsController.swift in Sources */ = {isa = PBXBuildFile; fileRef = 8182AFC5247D443800925FF2 /* FeatureLabelsController.swift */; };
		8182AFC8247D4C6F00925FF2 /* FeatureLabelsComposeController.swift in Sources */ = {isa = PBXBuildFile; fileRef = 8182AFC7247D4C6F00925FF2 /* FeatureLabelsComposeController.swift */; };
		8182AFCA247D657300925FF2 /* FeatureDisplayPointController.swift in Sources */ = {isa = PBXBuildFile; fileRef = 8182AFC9247D657300925FF2 /* FeatureDisplayPointController.swift */; };
		8182AFCD247D686A00925FF2 /* SwitchTableViewCell.swift in Sources */ = {isa = PBXBuildFile; fileRef = 8182AFCC247D686A00925FF2 /* SwitchTableViewCell.swift */; };
		8182AFD0247D94D600925FF2 /* AboutController.swift in Sources */ = {isa = PBXBuildFile; fileRef = 8182AFCF247D94D600925FF2 /* AboutController.swift */; };
		8182AFD3247D980B00925FF2 /* AboutTableViewCell.swift in Sources */ = {isa = PBXBuildFile; fileRef = 8182AFD2247D980B00925FF2 /* AboutTableViewCell.swift */; };
		8182AFD5247D9F9700925FF2 /* TableViewUtils.swift in Sources */ = {isa = PBXBuildFile; fileRef = 8182AFD4247D9F9700925FF2 /* TableViewUtils.swift */; };
		8182AFD7247DA57900925FF2 /* LeadingIconTableViewCell.swift in Sources */ = {isa = PBXBuildFile; fileRef = 8182AFD6247DA57900925FF2 /* LeadingIconTableViewCell.swift */; };
		818D1DCB246861BF0058E4E5 /* IATableViewController.swift in Sources */ = {isa = PBXBuildFile; fileRef = 818D1DCA246861BF0058E4E5 /* IATableViewController.swift */; };
		818D1DCD24687A2D0058E4E5 /* Unit.swift in Sources */ = {isa = PBXBuildFile; fileRef = 818D1DCC24687A2D0058E4E5 /* Unit.swift */; };
		8193C32D246AF739005D6262 /* PolygonalFeatureEditController.swift in Sources */ = {isa = PBXBuildFile; fileRef = 8193C32C246AF739005D6262 /* PolygonalFeatureEditController.swift */; };
		8193C330246AFDF5005D6262 /* UnitEditCategoryController.swift in Sources */ = {isa = PBXBuildFile; fileRef = 8193C32F246AFDF5005D6262 /* UnitEditCategoryController.swift */; };
		8193C333246B0558005D6262 /* IMDFLocalizable.strings in Resources */ = {isa = PBXBuildFile; fileRef = 8193C335246B0558005D6262 /* IMDFLocalizable.strings */; };
		8193C337246B0E34005D6262 /* FeatureAccessibilityPickerController.swift in Sources */ = {isa = PBXBuildFile; fileRef = 8193C336246B0E34005D6262 /* FeatureAccessibilityPickerController.swift */; };
		8193C339246B1E04005D6262 /* FeatureRestrictionPickerController.swift in Sources */ = {isa = PBXBuildFile; fileRef = 8193C338246B1E04005D6262 /* FeatureRestrictionPickerController.swift */; };
		81A58DFD240AB9FE008873E9 /* ProjectSection.swift in Sources */ = {isa = PBXBuildFile; fileRef = 81A58DFC240AB9FE008873E9 /* ProjectSection.swift */; };
		81A58DFF240ABB24008873E9 /* WelcomeController.swift in Sources */ = {isa = PBXBuildFile; fileRef = 81A58DFE240ABB24008873E9 /* WelcomeController.swift */; };
		81A58E01240ABEA8008873E9 /* ProjectGeneralSection.swift in Sources */ = {isa = PBXBuildFile; fileRef = 81A58E00240ABEA8008873E9 /* ProjectGeneralSection.swift */; };
		81A58E03240AD1E1008873E9 /* ProjectDeleteSection.swift in Sources */ = {isa = PBXBuildFile; fileRef = 81A58E02240AD1E1008873E9 /* ProjectDeleteSection.swift */; };
		81A58E05240ADBC5008873E9 /* ProjectMetaInfoSection.swift in Sources */ = {isa = PBXBuildFile; fileRef = 81A58E04240ADBC5008873E9 /* ProjectMetaInfoSection.swift */; };
		81A58E07240AE0A0008873E9 /* ProjectActionSection.swift in Sources */ = {isa = PBXBuildFile; fileRef = 81A58E06240AE0A0008873E9 /* ProjectActionSection.swift */; };
		81A58E09240AE249008873E9 /* ButtonSetTableViewCell.swift in Sources */ = {isa = PBXBuildFile; fileRef = 81A58E08240AE249008873E9 /* ButtonSetTableViewCell.swift */; };
		81AE8E4D24191C70007C8093 /* Anchor.swift in Sources */ = {isa = PBXBuildFile; fileRef = 81AE8E4C24191C70007C8093 /* Anchor.swift */; };
		81AE8E5124193C90007C8093 /* IMDFAnchorAnnotation.swift in Sources */ = {isa = PBXBuildFile; fileRef = 81AE8E5024193C90007C8093 /* IMDFAnchorAnnotation.swift */; };
		81AE8E552419413C007C8093 /* PointAnnotationView.swift in Sources */ = {isa = PBXBuildFile; fileRef = 81AE8E542419413C007C8093 /* PointAnnotationView.swift */; };
		81B1F7F923F86513004AF904 /* ProjectExplorerPlaceholderCell.swift in Sources */ = {isa = PBXBuildFile; fileRef = 81B1F7F823F86513004AF904 /* ProjectExplorerPlaceholderCell.swift */; };
		81B1F7FB23F87A16004AF904 /* ProjectExplorerHandler.swift in Sources */ = {isa = PBXBuildFile; fileRef = 81B1F7FA23F87A16004AF904 /* ProjectExplorerHandler.swift */; };
		81D580AC240AF0350049B17F /* IMDFArchive.swift in Sources */ = {isa = PBXBuildFile; fileRef = 81D580AB240AF0350049B17F /* IMDFArchive.swift */; };
		81D580AE240AF0BB0049B17F /* Manifest.swift in Sources */ = {isa = PBXBuildFile; fileRef = 81D580AD240AF0BB0049B17F /* Manifest.swift */; };
		81D580B0240B02560049B17F /* ProjectArchiveSection.swift in Sources */ = {isa = PBXBuildFile; fileRef = 81D580AF240B02560049B17F /* ProjectArchiveSection.swift */; };
		81D580B2240B04AC0049B17F /* ProjectExtensionController.swift in Sources */ = {isa = PBXBuildFile; fileRef = 81D580B1240B04AC0049B17F /* ProjectExtensionController.swift */; };
		81D580B4240B0BDD0049B17F /* ProjectExtensionEditController.swift in Sources */ = {isa = PBXBuildFile; fileRef = 81D580B3240B0BDD0049B17F /* ProjectExtensionEditController.swift */; };
		81D580B6240BEDA60049B17F /* Extension.swift in Sources */ = {isa = PBXBuildFile; fileRef = 81D580B5240BEDA60049B17F /* Extension.swift */; };
		81D580B8240C005E0049B17F /* Feature.swift in Sources */ = {isa = PBXBuildFile; fileRef = 81D580B7240C005E0049B17F /* Feature.swift */; };
		81D580BA240C04150049B17F /* Address.swift in Sources */ = {isa = PBXBuildFile; fileRef = 81D580B9240C04150049B17F /* Address.swift */; };
		81D580BC240C0ADD0049B17F /* ProjectAddressController.swift in Sources */ = {isa = PBXBuildFile; fileRef = 81D580BB240C0ADD0049B17F /* ProjectAddressController.swift */; };
		81D580BF240C133D0049B17F /* ProjectAddressEditController.swift in Sources */ = {isa = PBXBuildFile; fileRef = 81D580BE240C133D0049B17F /* ProjectAddressEditController.swift */; };
		81D580C1240C20400049B17F /* ProjectAddressLocalityController.swift in Sources */ = {isa = PBXBuildFile; fileRef = 81D580C0240C20400049B17F /* ProjectAddressLocalityController.swift */; };
		81D580C3240D13310049B17F /* ComposePopoverController.swift in Sources */ = {isa = PBXBuildFile; fileRef = 81D580C2240D13310049B17F /* ComposePopoverController.swift */; };
		81DBBC4A24019FF3008AEE60 /* MCLabelToolStackItem.swift in Sources */ = {isa = PBXBuildFile; fileRef = 81DBBC4924019FF3008AEE60 /* MCLabelToolStackItem.swift */; };
		81DBBC4C2401A1FA008AEE60 /* MCDrawingToolStackItem.swift in Sources */ = {isa = PBXBuildFile; fileRef = 81DBBC4B2401A1FA008AEE60 /* MCDrawingToolStackItem.swift */; };
		81DBBC4E2401A6D5008AEE60 /* MCCoordinateToolStack.swift in Sources */ = {isa = PBXBuildFile; fileRef = 81DBBC4D2401A6D5008AEE60 /* MCCoordinateToolStack.swift */; };
		81E2FA462401486C00CA82AA /* MCSlidingInfoToolStack.swift in Sources */ = {isa = PBXBuildFile; fileRef = 81E2FA452401486C00CA82AA /* MCSlidingInfoToolStack.swift */; };
		81E2FA4C2401999D00CA82AA /* MCCloseToolStackItem.swift in Sources */ = {isa = PBXBuildFile; fileRef = 81E2FA4B2401999D00CA82AA /* MCCloseToolStackItem.swift */; };
		81E48EF324213A1000837EEF /* MCPolygonRenderer.swift in Sources */ = {isa = PBXBuildFile; fileRef = 81E48EF224213A0F00837EEF /* MCPolygonRenderer.swift */; };
		81E48EF5242147E600837EEF /* Renderer.swift in Sources */ = {isa = PBXBuildFile; fileRef = 81E48EF4242147E600837EEF /* Renderer.swift */; };
		81E48EF72421492300837EEF /* MCPolylineRenderer.swift in Sources */ = {isa = PBXBuildFile; fileRef = 81E48EF62421492300837EEF /* MCPolylineRenderer.swift */; };
		81E48EF9242149F100837EEF /* MCOverlayRenderer.swift in Sources */ = {isa = PBXBuildFile; fileRef = 81E48EF8242149F100837EEF /* MCOverlayRenderer.swift */; };
		81F67DAE23F06A4B006B9187 /* MasterController.swift in Sources */ = {isa = PBXBuildFile; fileRef = 81F67DAD23F06A4B006B9187 /* MasterController.swift */; };
		81F67DB023F06A64006B9187 /* ProjectController.swift in Sources */ = {isa = PBXBuildFile; fileRef = 81F67DAF23F06A64006B9187 /* ProjectController.swift */; };
		81F67DB323F06F6E006B9187 /* Application.swift in Sources */ = {isa = PBXBuildFile; fileRef = 81F67DB223F06F6E006B9187 /* Application.swift */; };
		81F67DB723F09971006B9187 /* Color.swift in Sources */ = {isa = PBXBuildFile; fileRef = 81F67DB623F09971006B9187 /* Color.swift */; };
		81F67DBF23F0A36A006B9187 /* Icon.swift in Sources */ = {isa = PBXBuildFile; fileRef = 81F67DBE23F0A36A006B9187 /* Icon.swift */; };
		81F67DC123F0A4EC006B9187 /* Localizable.swift in Sources */ = {isa = PBXBuildFile; fileRef = 81F67DC023F0A4EC006B9187 /* Localizable.swift */; };
		81F67DC423F0A581006B9187 /* Localizable.strings in Resources */ = {isa = PBXBuildFile; fileRef = 81F67DC623F0A581006B9187 /* Localizable.strings */; };
		81F67DC923F0AA5E006B9187 /* LaunchScreen.storyboard in Resources */ = {isa = PBXBuildFile; fileRef = 81F67DC823F0AA5E006B9187 /* LaunchScreen.storyboard */; };
		81F67DCE23F13E1B006B9187 /* ProjectExplorerSectionHeaderView.swift in Sources */ = {isa = PBXBuildFile; fileRef = 81F67DCD23F13E1B006B9187 /* ProjectExplorerSectionHeaderView.swift */; };
		81F67DD223F1411B006B9187 /* FontUtils.swift in Sources */ = {isa = PBXBuildFile; fileRef = 81F67DD123F1411B006B9187 /* FontUtils.swift */; };
		81F67DD723F14E9F006B9187 /* ProjectCreateController.swift in Sources */ = {isa = PBXBuildFile; fileRef = 81F67DD623F14E9F006B9187 /* ProjectCreateController.swift */; };
		81F67DD923F164FF006B9187 /* TextInputTableViewCell.swift in Sources */ = {isa = PBXBuildFile; fileRef = 81F67DD823F164FF006B9187 /* TextInputTableViewCell.swift */; };
		81F67DDB23F16A28006B9187 /* ButtonTableViewCell.swift in Sources */ = {isa = PBXBuildFile; fileRef = 81F67DDA23F16A28006B9187 /* ButtonTableViewCell.swift */; };
		81F67DDE23F19458006B9187 /* IMDFProject.swift in Sources */ = {isa = PBXBuildFile; fileRef = 81F67DDD23F19458006B9187 /* IMDFProject.swift */; };
		81F67DE023F195D9006B9187 /* ProjectManager.swift in Sources */ = {isa = PBXBuildFile; fileRef = 81F67DDF23F195D9006B9187 /* ProjectManager.swift */; };
/* End PBXBuildFile section */

/* Begin PBXFileReference section */
		81053578248E755600C602DC /* IMDFVenueOverlay.swift */ = {isa = PBXFileReference; lastKnownFileType = sourcecode.swift; path = IMDFVenueOverlay.swift; sourceTree = "<group>"; };
		8105357B248E785E00C602DC /* VenueEditController.swift */ = {isa = PBXFileReference; lastKnownFileType = sourcecode.swift; path = VenueEditController.swift; sourceTree = "<group>"; };
		8105357D248E7BB800C602DC /* VenueEditCategoryController.swift */ = {isa = PBXFileReference; lastKnownFileType = sourcecode.swift; path = VenueEditCategoryController.swift; sourceTree = "<group>"; };
		8105357F248E8B8F00C602DC /* MCDrawingConfirmToolStack.swift */ = {isa = PBXFileReference; lastKnownFileType = sourcecode.swift; path = MCDrawingConfirmToolStack.swift; sourceTree = "<group>"; };
		810A79BF248C0EF800962B2D /* FeatureCoordinatesController.swift */ = {isa = PBXFileReference; lastKnownFileType = sourcecode.swift; path = FeatureCoordinatesController.swift; sourceTree = "<group>"; };
		810A79C1248C1A5900962B2D /* FeatureChangeController.swift */ = {isa = PBXFileReference; lastKnownFileType = sourcecode.swift; path = FeatureChangeController.swift; sourceTree = "<group>"; };
		810D0D0023F3284100DC5D74 /* IMDFProjectManifest.swift */ = {isa = PBXFileReference; lastKnownFileType = sourcecode.swift; path = IMDFProjectManifest.swift; sourceTree = "<group>"; };
		8120AC7E23F9505300696FCA /* ProjectExplorerProjectTableViewCell.swift */ = {isa = PBXFileReference; lastKnownFileType = sourcecode.swift; path = ProjectExplorerProjectTableViewCell.swift; sourceTree = "<group>"; };
		8120AC8023F9982800696FCA /* ScrollViewController.swift */ = {isa = PBXFileReference; lastKnownFileType = sourcecode.swift; path = ScrollViewController.swift; sourceTree = "<group>"; };
		81241546242C144200D60ED9 /* App Icon.xcassets */ = {isa = PBXFileReference; lastKnownFileType = folder.assetcatalog; path = "App Icon.xcassets"; sourceTree = "<group>"; };
		8124FD662457167A0099581E /* ISO3166.swift */ = {isa = PBXFileReference; lastKnownFileType = sourcecode.swift; path = ISO3166.swift; sourceTree = "<group>"; };
		8124FD6824571D0D0099581E /* ISO-3166-2-units.plist */ = {isa = PBXFileReference; lastKnownFileType = text.plist.xml; path = "ISO-3166-2-units.plist"; sourceTree = "<group>"; };
		812608EF2458A19300FF0D08 /* AnchorsListController.swift */ = {isa = PBXFileReference; lastKnownFileType = sourcecode.swift; path = AnchorsListController.swift; sourceTree = "<group>"; };
		813B3E4D23F899D700D02404 /* MapCanvasViewController.swift */ = {isa = PBXFileReference; lastKnownFileType = sourcecode.swift; path = MapCanvasViewController.swift; sourceTree = "<group>"; };
		8141C7D923FAD075008AC7DD /* Style.swift */ = {isa = PBXFileReference; lastKnownFileType = sourcecode.swift; path = Style.swift; sourceTree = "<group>"; };
		8141C7DB23FAE980008AC7DD /* Constraints.swift */ = {isa = PBXFileReference; lastKnownFileType = sourcecode.swift; path = Constraints.swift; sourceTree = "<group>"; };
		8141C7DF23FAEE15008AC7DD /* MCMapCanvas.swift */ = {isa = PBXFileReference; lastKnownFileType = sourcecode.swift; path = MCMapCanvas.swift; sourceTree = "<group>"; };
		8141C7E323FAF8AB008AC7DD /* MCToolStack.swift */ = {isa = PBXFileReference; lastKnownFileType = sourcecode.swift; path = MCToolStack.swift; sourceTree = "<group>"; };
		8141C7E523FAF91E008AC7DD /* MCToolStackItem.swift */ = {isa = PBXFileReference; lastKnownFileType = sourcecode.swift; path = MCToolStackItem.swift; sourceTree = "<group>"; };
		814EBB73241D626E0028225C /* RulerView.swift */ = {isa = PBXFileReference; lastKnownFileType = sourcecode.swift; path = RulerView.swift; sourceTree = "<group>"; };
		814EBB75241D6A170028225C /* Spacing.swift */ = {isa = PBXFileReference; lastKnownFileType = sourcecode.swift; path = Spacing.swift; sourceTree = "<group>"; };
		814EBB77241D71150028225C /* MCDistanceRuler.swift */ = {isa = PBXFileReference; lastKnownFileType = sourcecode.swift; path = MCDistanceRuler.swift; sourceTree = "<group>"; };
		814F5FCD24688D6C004E0215 /* MKPolygonUtils.swift */ = {isa = PBXFileReference; lastKnownFileType = sourcecode.swift; path = MKPolygonUtils.swift; sourceTree = "<group>"; };
		814F5FD024688FA1004E0215 /* UnitsEditController.swift */ = {isa = PBXFileReference; lastKnownFileType = sourcecode.swift; path = UnitsEditController.swift; sourceTree = "<group>"; };
		8153BB1F241FB76700FF6335 /* MCPointAssembler.swift */ = {isa = PBXFileReference; lastKnownFileType = sourcecode.swift; path = MCPointAssembler.swift; sourceTree = "<group>"; };
		8153BB21241FB78B00FF6335 /* MCShapeAssembler.swift */ = {isa = PBXFileReference; lastKnownFileType = sourcecode.swift; path = MCShapeAssembler.swift; sourceTree = "<group>"; };
		8153BB23241FBC4F00FF6335 /* Venue.swift */ = {isa = PBXFileReference; lastKnownFileType = sourcecode.swift; path = Venue.swift; sourceTree = "<group>"; };
		8153BB27241FBDC300FF6335 /* IMDFType.swift */ = {isa = PBXFileReference; lastKnownFileType = sourcecode.swift; path = IMDFType.swift; sourceTree = "<group>"; };
		8153BB29241FC13A00FF6335 /* MCPolygonAssembler.swift */ = {isa = PBXFileReference; lastKnownFileType = sourcecode.swift; path = MCPolygonAssembler.swift; sourceTree = "<group>"; };
		8153BB2B241FCA3500FF6335 /* MCDrawingConfirmToolStackItem.swift */ = {isa = PBXFileReference; lastKnownFileType = sourcecode.swift; path = MCDrawingConfirmToolStackItem.swift; sourceTree = "<group>"; };
		8153BB2D241FD0FC00FF6335 /* IMDFUnitOverlay.swift */ = {isa = PBXFileReference; lastKnownFileType = sourcecode.swift; path = IMDFUnitOverlay.swift; sourceTree = "<group>"; };
		816DC52223F0606B00E1471D /* Indoor Architect.app */ = {isa = PBXFileReference; explicitFileType = wrapper.application; includeInIndex = 0; path = "Indoor Architect.app"; sourceTree = BUILT_PRODUCTS_DIR; };
		816DC52523F0606B00E1471D /* AppDelegate.swift */ = {isa = PBXFileReference; lastKnownFileType = sourcecode.swift; name = AppDelegate.swift; path = ../AppDelegate.swift; sourceTree = "<group>"; };
		816DC52723F0606B00E1471D /* SceneDelegate.swift */ = {isa = PBXFileReference; lastKnownFileType = sourcecode.swift; path = SceneDelegate.swift; sourceTree = "<group>"; };
		816DC53323F0606E00E1471D /* Info.plist */ = {isa = PBXFileReference; lastKnownFileType = text.plist.xml; path = Info.plist; sourceTree = "<group>"; };
		816DC53D23F0679900E1471D /* RootController.swift */ = {isa = PBXFileReference; lastKnownFileType = sourcecode.swift; path = RootController.swift; sourceTree = "<group>"; };
		817323212423EDF10050AD34 /* InitialPanGestureRecognizer.swift */ = {isa = PBXFileReference; lastKnownFileType = sourcecode.swift; path = InitialPanGestureRecognizer.swift; sourceTree = "<group>"; };
		817485492418177F00EE3E12 /* ISO-3166-2.plist */ = {isa = PBXFileReference; lastKnownFileType = text.plist.xml; path = "ISO-3166-2.plist"; sourceTree = "<group>"; };
		8174854B24182A4400EE3E12 /* DetailTableViewController.swift */ = {isa = PBXFileReference; lastKnownFileType = sourcecode.swift; path = DetailTableViewController.swift; sourceTree = "<group>"; };
		817C3F6D245DC84800D00034 /* CGPointUtils.swift */ = {isa = PBXFileReference; lastKnownFileType = sourcecode.swift; path = CGPointUtils.swift; sourceTree = "<group>"; };
		817C3F6F245DDA8200D00034 /* AnchorsEditController.swift */ = {isa = PBXFileReference; lastKnownFileType = sourcecode.swift; path = AnchorsEditController.swift; sourceTree = "<group>"; };
		817C3F71245DDACA00D00034 /* PointFeatureEditController.swift */ = {isa = PBXFileReference; lastKnownFileType = sourcecode.swift; path = PointFeatureEditController.swift; sourceTree = "<group>"; };
		817C3F73245DDAF900D00034 /* FeatureEditController.swift */ = {isa = PBXFileReference; lastKnownFileType = sourcecode.swift; path = FeatureEditController.swift; sourceTree = "<group>"; };
		8182AFC5247D443800925FF2 /* FeatureLabelsController.swift */ = {isa = PBXFileReference; lastKnownFileType = sourcecode.swift; path = FeatureLabelsController.swift; sourceTree = "<group>"; };
		8182AFC7247D4C6F00925FF2 /* FeatureLabelsComposeController.swift */ = {isa = PBXFileReference; lastKnownFileType = sourcecode.swift; path = FeatureLabelsComposeController.swift; sourceTree = "<group>"; };
		8182AFC9247D657300925FF2 /* FeatureDisplayPointController.swift */ = {isa = PBXFileReference; lastKnownFileType = sourcecode.swift; path = FeatureDisplayPointController.swift; sourceTree = "<group>"; };
		8182AFCC247D686A00925FF2 /* SwitchTableViewCell.swift */ = {isa = PBXFileReference; lastKnownFileType = sourcecode.swift; path = SwitchTableViewCell.swift; sourceTree = "<group>"; };
		8182AFCF247D94D600925FF2 /* AboutController.swift */ = {isa = PBXFileReference; lastKnownFileType = sourcecode.swift; path = AboutController.swift; sourceTree = "<group>"; };
		8182AFD2247D980B00925FF2 /* AboutTableViewCell.swift */ = {isa = PBXFileReference; lastKnownFileType = sourcecode.swift; path = AboutTableViewCell.swift; sourceTree = "<group>"; };
		8182AFD4247D9F9700925FF2 /* TableViewUtils.swift */ = {isa = PBXFileReference; lastKnownFileType = sourcecode.swift; path = TableViewUtils.swift; sourceTree = "<group>"; };
		8182AFD6247DA57900925FF2 /* LeadingIconTableViewCell.swift */ = {isa = PBXFileReference; lastKnownFileType = sourcecode.swift; path = LeadingIconTableViewCell.swift; sourceTree = "<group>"; };
		818D1DCA246861BF0058E4E5 /* IATableViewController.swift */ = {isa = PBXFileReference; lastKnownFileType = sourcecode.swift; path = IATableViewController.swift; sourceTree = "<group>"; };
		818D1DCC24687A2D0058E4E5 /* Unit.swift */ = {isa = PBXFileReference; lastKnownFileType = sourcecode.swift; path = Unit.swift; sourceTree = "<group>"; };
		8193C32C246AF739005D6262 /* PolygonalFeatureEditController.swift */ = {isa = PBXFileReference; lastKnownFileType = sourcecode.swift; path = PolygonalFeatureEditController.swift; sourceTree = "<group>"; };
		8193C32F246AFDF5005D6262 /* UnitEditCategoryController.swift */ = {isa = PBXFileReference; lastKnownFileType = sourcecode.swift; path = UnitEditCategoryController.swift; sourceTree = "<group>"; };
		8193C334246B0558005D6262 /* en */ = {isa = PBXFileReference; lastKnownFileType = text.plist.strings; name = en; path = en.lproj/IMDFLocalizable.strings; sourceTree = "<group>"; };
		8193C336246B0E34005D6262 /* FeatureAccessibilityPickerController.swift */ = {isa = PBXFileReference; lastKnownFileType = sourcecode.swift; path = FeatureAccessibilityPickerController.swift; sourceTree = "<group>"; };
		8193C338246B1E04005D6262 /* FeatureRestrictionPickerController.swift */ = {isa = PBXFileReference; lastKnownFileType = sourcecode.swift; path = FeatureRestrictionPickerController.swift; sourceTree = "<group>"; };
		81A58DFC240AB9FE008873E9 /* ProjectSection.swift */ = {isa = PBXFileReference; lastKnownFileType = sourcecode.swift; path = ProjectSection.swift; sourceTree = "<group>"; };
		81A58DFE240ABB24008873E9 /* WelcomeController.swift */ = {isa = PBXFileReference; lastKnownFileType = sourcecode.swift; path = WelcomeController.swift; sourceTree = "<group>"; };
		81A58E00240ABEA8008873E9 /* ProjectGeneralSection.swift */ = {isa = PBXFileReference; lastKnownFileType = sourcecode.swift; path = ProjectGeneralSection.swift; sourceTree = "<group>"; };
		81A58E02240AD1E1008873E9 /* ProjectDeleteSection.swift */ = {isa = PBXFileReference; lastKnownFileType = sourcecode.swift; path = ProjectDeleteSection.swift; sourceTree = "<group>"; };
		81A58E04240ADBC5008873E9 /* ProjectMetaInfoSection.swift */ = {isa = PBXFileReference; lastKnownFileType = sourcecode.swift; path = ProjectMetaInfoSection.swift; sourceTree = "<group>"; };
		81A58E06240AE0A0008873E9 /* ProjectActionSection.swift */ = {isa = PBXFileReference; lastKnownFileType = sourcecode.swift; path = ProjectActionSection.swift; sourceTree = "<group>"; };
		81A58E08240AE249008873E9 /* ButtonSetTableViewCell.swift */ = {isa = PBXFileReference; lastKnownFileType = sourcecode.swift; path = ButtonSetTableViewCell.swift; sourceTree = "<group>"; };
		81AE8E4C24191C70007C8093 /* Anchor.swift */ = {isa = PBXFileReference; lastKnownFileType = sourcecode.swift; path = Anchor.swift; sourceTree = "<group>"; };
		81AE8E5024193C90007C8093 /* IMDFAnchorAnnotation.swift */ = {isa = PBXFileReference; lastKnownFileType = sourcecode.swift; path = IMDFAnchorAnnotation.swift; sourceTree = "<group>"; };
		81AE8E542419413C007C8093 /* PointAnnotationView.swift */ = {isa = PBXFileReference; lastKnownFileType = sourcecode.swift; path = PointAnnotationView.swift; sourceTree = "<group>"; };
		81B1F7F823F86513004AF904 /* ProjectExplorerPlaceholderCell.swift */ = {isa = PBXFileReference; lastKnownFileType = sourcecode.swift; path = ProjectExplorerPlaceholderCell.swift; sourceTree = "<group>"; };
		81B1F7FA23F87A16004AF904 /* ProjectExplorerHandler.swift */ = {isa = PBXFileReference; lastKnownFileType = sourcecode.swift; path = ProjectExplorerHandler.swift; sourceTree = "<group>"; };
		81D580AB240AF0350049B17F /* IMDFArchive.swift */ = {isa = PBXFileReference; lastKnownFileType = sourcecode.swift; path = IMDFArchive.swift; sourceTree = "<group>"; };
		81D580AD240AF0BB0049B17F /* Manifest.swift */ = {isa = PBXFileReference; lastKnownFileType = sourcecode.swift; path = Manifest.swift; sourceTree = "<group>"; };
		81D580AF240B02560049B17F /* ProjectArchiveSection.swift */ = {isa = PBXFileReference; lastKnownFileType = sourcecode.swift; path = ProjectArchiveSection.swift; sourceTree = "<group>"; };
		81D580B1240B04AC0049B17F /* ProjectExtensionController.swift */ = {isa = PBXFileReference; lastKnownFileType = sourcecode.swift; path = ProjectExtensionController.swift; sourceTree = "<group>"; };
		81D580B3240B0BDD0049B17F /* ProjectExtensionEditController.swift */ = {isa = PBXFileReference; lastKnownFileType = sourcecode.swift; path = ProjectExtensionEditController.swift; sourceTree = "<group>"; };
		81D580B5240BEDA60049B17F /* Extension.swift */ = {isa = PBXFileReference; lastKnownFileType = sourcecode.swift; path = Extension.swift; sourceTree = "<group>"; };
		81D580B7240C005E0049B17F /* Feature.swift */ = {isa = PBXFileReference; lastKnownFileType = sourcecode.swift; path = Feature.swift; sourceTree = "<group>"; };
		81D580B9240C04150049B17F /* Address.swift */ = {isa = PBXFileReference; lastKnownFileType = sourcecode.swift; path = Address.swift; sourceTree = "<group>"; };
		81D580BB240C0ADD0049B17F /* ProjectAddressController.swift */ = {isa = PBXFileReference; lastKnownFileType = sourcecode.swift; path = ProjectAddressController.swift; sourceTree = "<group>"; };
		81D580BE240C133D0049B17F /* ProjectAddressEditController.swift */ = {isa = PBXFileReference; lastKnownFileType = sourcecode.swift; path = ProjectAddressEditController.swift; sourceTree = "<group>"; };
		81D580C0240C20400049B17F /* ProjectAddressLocalityController.swift */ = {isa = PBXFileReference; lastKnownFileType = sourcecode.swift; path = ProjectAddressLocalityController.swift; sourceTree = "<group>"; };
		81D580C2240D13310049B17F /* ComposePopoverController.swift */ = {isa = PBXFileReference; lastKnownFileType = sourcecode.swift; path = ComposePopoverController.swift; sourceTree = "<group>"; };
		81DBBC4924019FF3008AEE60 /* MCLabelToolStackItem.swift */ = {isa = PBXFileReference; lastKnownFileType = sourcecode.swift; path = MCLabelToolStackItem.swift; sourceTree = "<group>"; };
		81DBBC4B2401A1FA008AEE60 /* MCDrawingToolStackItem.swift */ = {isa = PBXFileReference; lastKnownFileType = sourcecode.swift; path = MCDrawingToolStackItem.swift; sourceTree = "<group>"; };
		81DBBC4D2401A6D5008AEE60 /* MCCoordinateToolStack.swift */ = {isa = PBXFileReference; lastKnownFileType = sourcecode.swift; path = MCCoordinateToolStack.swift; sourceTree = "<group>"; };
		81E2FA452401486C00CA82AA /* MCSlidingInfoToolStack.swift */ = {isa = PBXFileReference; lastKnownFileType = sourcecode.swift; path = MCSlidingInfoToolStack.swift; sourceTree = "<group>"; };
		81E2FA4B2401999D00CA82AA /* MCCloseToolStackItem.swift */ = {isa = PBXFileReference; lastKnownFileType = sourcecode.swift; path = MCCloseToolStackItem.swift; sourceTree = "<group>"; };
		81E48EF224213A0F00837EEF /* MCPolygonRenderer.swift */ = {isa = PBXFileReference; lastKnownFileType = sourcecode.swift; path = MCPolygonRenderer.swift; sourceTree = "<group>"; };
		81E48EF4242147E600837EEF /* Renderer.swift */ = {isa = PBXFileReference; lastKnownFileType = sourcecode.swift; path = Renderer.swift; sourceTree = "<group>"; };
		81E48EF62421492300837EEF /* MCPolylineRenderer.swift */ = {isa = PBXFileReference; lastKnownFileType = sourcecode.swift; path = MCPolylineRenderer.swift; sourceTree = "<group>"; };
		81E48EF8242149F100837EEF /* MCOverlayRenderer.swift */ = {isa = PBXFileReference; lastKnownFileType = sourcecode.swift; path = MCOverlayRenderer.swift; sourceTree = "<group>"; };
		81F67DAD23F06A4B006B9187 /* MasterController.swift */ = {isa = PBXFileReference; lastKnownFileType = sourcecode.swift; path = MasterController.swift; sourceTree = "<group>"; };
		81F67DAF23F06A64006B9187 /* ProjectController.swift */ = {isa = PBXFileReference; lastKnownFileType = sourcecode.swift; path = ProjectController.swift; sourceTree = "<group>"; };
		81F67DB223F06F6E006B9187 /* Application.swift */ = {isa = PBXFileReference; lastKnownFileType = sourcecode.swift; path = Application.swift; sourceTree = "<group>"; };
		81F67DB623F09971006B9187 /* Color.swift */ = {isa = PBXFileReference; lastKnownFileType = sourcecode.swift; path = Color.swift; sourceTree = "<group>"; };
		81F67DBE23F0A36A006B9187 /* Icon.swift */ = {isa = PBXFileReference; lastKnownFileType = sourcecode.swift; path = Icon.swift; sourceTree = "<group>"; };
		81F67DC023F0A4EC006B9187 /* Localizable.swift */ = {isa = PBXFileReference; lastKnownFileType = sourcecode.swift; path = Localizable.swift; sourceTree = "<group>"; };
		81F67DC523F0A581006B9187 /* en */ = {isa = PBXFileReference; lastKnownFileType = text.plist.strings; name = en; path = en.lproj/Localizable.strings; sourceTree = "<group>"; };
		81F67DC823F0AA5E006B9187 /* LaunchScreen.storyboard */ = {isa = PBXFileReference; lastKnownFileType = file.storyboard; path = LaunchScreen.storyboard; sourceTree = "<group>"; };
		81F67DCD23F13E1B006B9187 /* ProjectExplorerSectionHeaderView.swift */ = {isa = PBXFileReference; lastKnownFileType = sourcecode.swift; path = ProjectExplorerSectionHeaderView.swift; sourceTree = "<group>"; };
		81F67DD123F1411B006B9187 /* FontUtils.swift */ = {isa = PBXFileReference; lastKnownFileType = sourcecode.swift; path = FontUtils.swift; sourceTree = "<group>"; };
		81F67DD623F14E9F006B9187 /* ProjectCreateController.swift */ = {isa = PBXFileReference; lastKnownFileType = sourcecode.swift; path = ProjectCreateController.swift; sourceTree = "<group>"; };
		81F67DD823F164FF006B9187 /* TextInputTableViewCell.swift */ = {isa = PBXFileReference; lastKnownFileType = sourcecode.swift; path = TextInputTableViewCell.swift; sourceTree = "<group>"; };
		81F67DDA23F16A28006B9187 /* ButtonTableViewCell.swift */ = {isa = PBXFileReference; lastKnownFileType = sourcecode.swift; path = ButtonTableViewCell.swift; sourceTree = "<group>"; };
		81F67DDD23F19458006B9187 /* IMDFProject.swift */ = {isa = PBXFileReference; lastKnownFileType = sourcecode.swift; path = IMDFProject.swift; sourceTree = "<group>"; };
		81F67DDF23F195D9006B9187 /* ProjectManager.swift */ = {isa = PBXFileReference; lastKnownFileType = sourcecode.swift; path = ProjectManager.swift; sourceTree = "<group>"; };
/* End PBXFileReference section */

/* Begin PBXFrameworksBuildPhase section */
		816DC51F23F0606B00E1471D /* Frameworks */ = {
			isa = PBXFrameworksBuildPhase;
			buildActionMask = 2147483647;
			files = (
			);
			runOnlyForDeploymentPostprocessing = 0;
		};
/* End PBXFrameworksBuildPhase section */

/* Begin PBXGroup section */
		8105357A248E783500C602DC /* Venues */ = {
			isa = PBXGroup;
			children = (
				8105357B248E785E00C602DC /* VenueEditController.swift */,
				8105357D248E7BB800C602DC /* VenueEditCategoryController.swift */,
			);
			path = Venues;
			sourceTree = "<group>";
		};
		812608EE2458A16000FF0D08 /* Feature Edit Controllers */ = {
			isa = PBXGroup;
			children = (
				817C3F73245DDAF900D00034 /* FeatureEditController.swift */,
				817C3F71245DDACA00D00034 /* PointFeatureEditController.swift */,
				8193C32C246AF739005D6262 /* PolygonalFeatureEditController.swift */,
				810A79C1248C1A5900962B2D /* FeatureChangeController.swift */,
				8193C32E246AFDA7005D6262 /* Extended Settings Controllers */,
				812608F12458A1FA00FF0D08 /* Anchors */,
				814F5FCF24688F7B004E0215 /* Units */,
				8105357A248E783500C602DC /* Venues */,
			);
			path = "Feature Edit Controllers";
			sourceTree = "<group>";
		};
		812608F12458A1FA00FF0D08 /* Anchors */ = {
			isa = PBXGroup;
			children = (
				812608EF2458A19300FF0D08 /* AnchorsListController.swift */,
				817C3F6F245DDA8200D00034 /* AnchorsEditController.swift */,
			);
			path = Anchors;
			sourceTree = "<group>";
		};
		813B3E4C23F899AE00D02404 /* Map Controller */ = {
			isa = PBXGroup;
			children = (
				813B3E4D23F899D700D02404 /* MapCanvasViewController.swift */,
			);
			path = "Map Controller";
			sourceTree = "<group>";
		};
		8141C7DD23FAEDF8008AC7DD /* Core */ = {
			isa = PBXGroup;
			children = (
				8141C7DE23FAEE05008AC7DD /* Map Canvas */,
			);
			path = Core;
			sourceTree = "<group>";
		};
		8141C7DE23FAEE05008AC7DD /* Map Canvas */ = {
			isa = PBXGroup;
			children = (
				81AE8E4E24193C6E007C8093 /* Components */,
				81FC47E22409AB900078551E /* Palettes */,
				8141C7DF23FAEE15008AC7DD /* MCMapCanvas.swift */,
			);
			path = "Map Canvas";
			sourceTree = "<group>";
		};
		814F5FCF24688F7B004E0215 /* Units */ = {
			isa = PBXGroup;
			children = (
				814F5FD024688FA1004E0215 /* UnitsEditController.swift */,
				8193C32F246AFDF5005D6262 /* UnitEditCategoryController.swift */,
			);
			path = Units;
			sourceTree = "<group>";
		};
		8153BB1E241FB75A00FF6335 /* Assembler */ = {
			isa = PBXGroup;
			children = (
				8153BB21241FB78B00FF6335 /* MCShapeAssembler.swift */,
				8153BB1F241FB76700FF6335 /* MCPointAssembler.swift */,
				8153BB29241FC13A00FF6335 /* MCPolygonAssembler.swift */,
			);
			path = Assembler;
			sourceTree = "<group>";
		};
		816DC51923F0606B00E1471D = {
			isa = PBXGroup;
			children = (
				816DC52423F0606B00E1471D /* Indoor Architect */,
				816DC52323F0606B00E1471D /* Products */,
			);
			sourceTree = "<group>";
		};
		816DC52323F0606B00E1471D /* Products */ = {
			isa = PBXGroup;
			children = (
				816DC52223F0606B00E1471D /* Indoor Architect.app */,
			);
			name = Products;
			sourceTree = "<group>";
		};
		816DC52423F0606B00E1471D /* Indoor Architect */ = {
			isa = PBXGroup;
			children = (
				81AE8E5224194121007C8093 /* Views */,
				8141C7DD23FAEDF8008AC7DD /* Core */,
				81F67DDC23F19449006B9187 /* Models */,
				81F67DD023F14105006B9187 /* Utilities */,
				81F67DB123F06F60006B9187 /* Config */,
				816DC53C23F0677900E1471D /* Controllers */,
				816DC53A23F065A800E1471D /* Supporting Files */,
				81748547241816CC00EE3E12 /* Resources */,
			);
			path = "Indoor Architect";
			sourceTree = "<group>";
		};
		816DC53A23F065A800E1471D /* Supporting Files */ = {
			isa = PBXGroup;
			children = (
				816DC52523F0606B00E1471D /* AppDelegate.swift */,
				816DC52723F0606B00E1471D /* SceneDelegate.swift */,
				816DC53323F0606E00E1471D /* Info.plist */,
				81F67DC623F0A581006B9187 /* Localizable.strings */,
				8193C335246B0558005D6262 /* IMDFLocalizable.strings */,
				81F67DC823F0AA5E006B9187 /* LaunchScreen.storyboard */,
			);
			path = "Supporting Files";
			sourceTree = "<group>";
		};
		816DC53C23F0677900E1471D /* Controllers */ = {
			isa = PBXGroup;
			children = (
				8182AFCE247D94B100925FF2 /* About Controller */,
				81D99FBF240AB77600E0D4D2 /* Custom Controller */,
				813B3E4C23F899AE00D02404 /* Map Controller */,
				81F67DD523F14E7B006B9187 /* Project Controllers */,
				816DC53D23F0679900E1471D /* RootController.swift */,
				81F67DAD23F06A4B006B9187 /* MasterController.swift */,
				81A58DFE240ABB24008873E9 /* WelcomeController.swift */,
			);
			path = Controllers;
			sourceTree = "<group>";
		};
		817323202423EDD20050AD34 /* Recognizer */ = {
			isa = PBXGroup;
			children = (
				817323212423EDF10050AD34 /* InitialPanGestureRecognizer.swift */,
			);
			path = Recognizer;
			sourceTree = "<group>";
		};
		81748547241816CC00EE3E12 /* Resources */ = {
			isa = PBXGroup;
			children = (
				81748548241816DC00EE3E12 /* Data */,
				81241546242C144200D60ED9 /* App Icon.xcassets */,
			);
			path = Resources;
			sourceTree = "<group>";
		};
		81748548241816DC00EE3E12 /* Data */ = {
			isa = PBXGroup;
			children = (
				817485492418177F00EE3E12 /* ISO-3166-2.plist */,
				8124FD6824571D0D0099581E /* ISO-3166-2-units.plist */,
			);
			path = Data;
			sourceTree = "<group>";
		};
		8182AFCB247D684B00925FF2 /* Table View Cells */ = {
			isa = PBXGroup;
			children = (
				818FEFE22481A08D00BD8D42 /* Project Explorer */,
				8182AFD1247D97FB00925FF2 /* About Controller */,
				8182AFCC247D686A00925FF2 /* SwitchTableViewCell.swift */,
				81F67DD823F164FF006B9187 /* TextInputTableViewCell.swift */,
				81F67DDA23F16A28006B9187 /* ButtonTableViewCell.swift */,
				81A58E08240AE249008873E9 /* ButtonSetTableViewCell.swift */,
				8182AFD6247DA57900925FF2 /* LeadingIconTableViewCell.swift */,
			);
			path = "Table View Cells";
			sourceTree = "<group>";
		};
		8182AFCE247D94B100925FF2 /* About Controller */ = {
			isa = PBXGroup;
			children = (
				8182AFCF247D94D600925FF2 /* AboutController.swift */,
			);
			path = "About Controller";
			sourceTree = "<group>";
		};
		8182AFD1247D97FB00925FF2 /* About Controller */ = {
			isa = PBXGroup;
			children = (
				8182AFD2247D980B00925FF2 /* AboutTableViewCell.swift */,
			);
			path = "About Controller";
			sourceTree = "<group>";
		};
		818FEFE22481A08D00BD8D42 /* Project Explorer */ = {
			isa = PBXGroup;
			children = (
				81B1F7F823F86513004AF904 /* ProjectExplorerPlaceholderCell.swift */,
				81F67DCD23F13E1B006B9187 /* ProjectExplorerSectionHeaderView.swift */,
				8120AC7E23F9505300696FCA /* ProjectExplorerProjectTableViewCell.swift */,
			);
			path = "Project Explorer";
			sourceTree = "<group>";
		};
		8193C32E246AFDA7005D6262 /* Extended Settings Controllers */ = {
			isa = PBXGroup;
			children = (
				8193C336246B0E34005D6262 /* FeatureAccessibilityPickerController.swift */,
				8193C338246B1E04005D6262 /* FeatureRestrictionPickerController.swift */,
				8182AFC5247D443800925FF2 /* FeatureLabelsController.swift */,
				8182AFC7247D4C6F00925FF2 /* FeatureLabelsComposeController.swift */,
				8182AFC9247D657300925FF2 /* FeatureDisplayPointController.swift */,
				810A79BF248C0EF800962B2D /* FeatureCoordinatesController.swift */,
			);
			path = "Extended Settings Controllers";
			sourceTree = "<group>";
		};
		81A58DFB240AB9E3008873E9 /* Sections */ = {
			isa = PBXGroup;
			children = (
				81A58DFC240AB9FE008873E9 /* ProjectSection.swift */,
				81A58E00240ABEA8008873E9 /* ProjectGeneralSection.swift */,
				81A58E04240ADBC5008873E9 /* ProjectMetaInfoSection.swift */,
				81A58E06240AE0A0008873E9 /* ProjectActionSection.swift */,
				81D580AF240B02560049B17F /* ProjectArchiveSection.swift */,
				81A58E02240AD1E1008873E9 /* ProjectDeleteSection.swift */,
			);
			path = Sections;
			sourceTree = "<group>";
		};
		81AE8E492418F6AC007C8093 /* Extension Controllers */ = {
			isa = PBXGroup;
			children = (
				81D580B1240B04AC0049B17F /* ProjectExtensionController.swift */,
				81D580B3240B0BDD0049B17F /* ProjectExtensionEditController.swift */,
			);
			path = "Extension Controllers";
			sourceTree = "<group>";
		};
		81AE8E4E24193C6E007C8093 /* Components */ = {
			isa = PBXGroup;
			children = (
				817323202423EDD20050AD34 /* Recognizer */,
				81E48EF12421361000837EEF /* Renderer */,
				8153BB1E241FB75A00FF6335 /* Assembler */,
				81AE8E4F24193C77007C8093 /* Overlays */,
				814EBB77241D71150028225C /* MCDistanceRuler.swift */,
			);
			path = Components;
			sourceTree = "<group>";
		};
		81AE8E4F24193C77007C8093 /* Overlays */ = {
			isa = PBXGroup;
			children = (
				81AE8E5024193C90007C8093 /* IMDFAnchorAnnotation.swift */,
				8153BB2D241FD0FC00FF6335 /* IMDFUnitOverlay.swift */,
				81053578248E755600C602DC /* IMDFVenueOverlay.swift */,
			);
			path = Overlays;
			sourceTree = "<group>";
		};
		81AE8E5224194121007C8093 /* Views */ = {
			isa = PBXGroup;
			children = (
				8182AFCB247D684B00925FF2 /* Table View Cells */,
				81AE8E5324194127007C8093 /* Map Canvas */,
			);
			path = Views;
			sourceTree = "<group>";
		};
		81AE8E5324194127007C8093 /* Map Canvas */ = {
			isa = PBXGroup;
			children = (
				81AE8E542419413C007C8093 /* PointAnnotationView.swift */,
				814EBB73241D626E0028225C /* RulerView.swift */,
			);
			path = "Map Canvas";
			sourceTree = "<group>";
		};
		81D580A8240AEEB20049B17F /* IMDF Archive */ = {
			isa = PBXGroup;
			children = (
				8153BB27241FBDC300FF6335 /* IMDFType.swift */,
				81D580AD240AF0BB0049B17F /* Manifest.swift */,
				81D580B5240BEDA60049B17F /* Extension.swift */,
				81D580B7240C005E0049B17F /* Feature.swift */,
				81D580B9240C04150049B17F /* Address.swift */,
				81AE8E4C24191C70007C8093 /* Anchor.swift */,
				8153BB23241FBC4F00FF6335 /* Venue.swift */,
				818D1DCC24687A2D0058E4E5 /* Unit.swift */,
			);
			path = "IMDF Archive";
			sourceTree = "<group>";
		};
		81D580BD240C13170049B17F /* Address Controllers */ = {
			isa = PBXGroup;
			children = (
				81D580BB240C0ADD0049B17F /* ProjectAddressController.swift */,
				81D580BE240C133D0049B17F /* ProjectAddressEditController.swift */,
				81D580C0240C20400049B17F /* ProjectAddressLocalityController.swift */,
			);
			path = "Address Controllers";
			sourceTree = "<group>";
		};
		81D99FBF240AB77600E0D4D2 /* Custom Controller */ = {
			isa = PBXGroup;
			children = (
				8120AC8023F9982800696FCA /* ScrollViewController.swift */,
				81D580C2240D13310049B17F /* ComposePopoverController.swift */,
				8174854B24182A4400EE3E12 /* DetailTableViewController.swift */,
				818D1DCA246861BF0058E4E5 /* IATableViewController.swift */,
			);
			path = "Custom Controller";
			sourceTree = "<group>";
		};
		81E2FA49240194DF00CA82AA /* Tool Stacks */ = {
			isa = PBXGroup;
			children = (
				81E2FA452401486C00CA82AA /* MCSlidingInfoToolStack.swift */,
				81DBBC4D2401A6D5008AEE60 /* MCCoordinateToolStack.swift */,
				8105357F248E8B8F00C602DC /* MCDrawingConfirmToolStack.swift */,
			);
			path = "Tool Stacks";
			sourceTree = "<group>";
		};
		81E2FA4A2401997700CA82AA /* Tool Stack Items */ = {
			isa = PBXGroup;
			children = (
				81E2FA4B2401999D00CA82AA /* MCCloseToolStackItem.swift */,
				81DBBC4924019FF3008AEE60 /* MCLabelToolStackItem.swift */,
				81DBBC4B2401A1FA008AEE60 /* MCDrawingToolStackItem.swift */,
				8153BB2B241FCA3500FF6335 /* MCDrawingConfirmToolStackItem.swift */,
			);
			path = "Tool Stack Items";
			sourceTree = "<group>";
		};
		81E48EF12421361000837EEF /* Renderer */ = {
			isa = PBXGroup;
			children = (
				81E48EF8242149F100837EEF /* MCOverlayRenderer.swift */,
				81E48EF224213A0F00837EEF /* MCPolygonRenderer.swift */,
				81E48EF62421492300837EEF /* MCPolylineRenderer.swift */,
			);
			path = Renderer;
			sourceTree = "<group>";
		};
		81F67DB123F06F60006B9187 /* Config */ = {
			isa = PBXGroup;
			children = (
				81F67DB223F06F6E006B9187 /* Application.swift */,
				81F67DB623F09971006B9187 /* Color.swift */,
				81F67DBE23F0A36A006B9187 /* Icon.swift */,
				81F67DC023F0A4EC006B9187 /* Localizable.swift */,
				8141C7D923FAD075008AC7DD /* Style.swift */,
				814EBB75241D6A170028225C /* Spacing.swift */,
				81E48EF4242147E600837EEF /* Renderer.swift */,
			);
			path = Config;
			sourceTree = "<group>";
		};
		81F67DD023F14105006B9187 /* Utilities */ = {
			isa = PBXGroup;
			children = (
				81F67DD123F1411B006B9187 /* FontUtils.swift */,
				81F67DDF23F195D9006B9187 /* ProjectManager.swift */,
				81B1F7FA23F87A16004AF904 /* ProjectExplorerHandler.swift */,
				8141C7DB23FAE980008AC7DD /* Constraints.swift */,
				8124FD662457167A0099581E /* ISO3166.swift */,
				817C3F6D245DC84800D00034 /* CGPointUtils.swift */,
				814F5FCD24688D6C004E0215 /* MKPolygonUtils.swift */,
				8182AFD4247D9F9700925FF2 /* TableViewUtils.swift */,
			);
			path = Utilities;
			sourceTree = "<group>";
		};
		81F67DD523F14E7B006B9187 /* Project Controllers */ = {
			isa = PBXGroup;
			children = (
				81A58DFB240AB9E3008873E9 /* Sections */,
				81F67DD623F14E9F006B9187 /* ProjectCreateController.swift */,
				81F67DAF23F06A64006B9187 /* ProjectController.swift */,
				81AE8E492418F6AC007C8093 /* Extension Controllers */,
				81D580BD240C13170049B17F /* Address Controllers */,
				812608EE2458A16000FF0D08 /* Feature Edit Controllers */,
			);
			path = "Project Controllers";
			sourceTree = "<group>";
		};
		81F67DDC23F19449006B9187 /* Models */ = {
			isa = PBXGroup;
			children = (
				81D580A8240AEEB20049B17F /* IMDF Archive */,
				81F67DDD23F19458006B9187 /* IMDFProject.swift */,
				810D0D0023F3284100DC5D74 /* IMDFProjectManifest.swift */,
				81D580AB240AF0350049B17F /* IMDFArchive.swift */,
			);
			path = Models;
			sourceTree = "<group>";
		};
		81FC47E22409AB900078551E /* Palettes */ = {
			isa = PBXGroup;
			children = (
				8141C7E323FAF8AB008AC7DD /* MCToolStack.swift */,
				8141C7E523FAF91E008AC7DD /* MCToolStackItem.swift */,
				81E2FA4A2401997700CA82AA /* Tool Stack Items */,
				81E2FA49240194DF00CA82AA /* Tool Stacks */,
			);
			path = Palettes;
			sourceTree = "<group>";
		};
/* End PBXGroup section */

/* Begin PBXNativeTarget section */
		816DC52123F0606B00E1471D /* Indoor Architect */ = {
			isa = PBXNativeTarget;
			buildConfigurationList = 816DC53623F0606E00E1471D /* Build configuration list for PBXNativeTarget "Indoor Architect" */;
			buildPhases = (
				816DC51E23F0606B00E1471D /* Sources */,
				816DC51F23F0606B00E1471D /* Frameworks */,
				816DC52023F0606B00E1471D /* Resources */,
				816DC53923F061CB00E1471D /* Increment Build */,
			);
			buildRules = (
			);
			dependencies = (
			);
			name = "Indoor Architect";
			productName = "Indoor Architect";
			productReference = 816DC52223F0606B00E1471D /* Indoor Architect.app */;
			productType = "com.apple.product-type.application";
		};
/* End PBXNativeTarget section */

/* Begin PBXProject section */
		816DC51A23F0606B00E1471D /* Project object */ = {
			isa = PBXProject;
			attributes = {
				LastSwiftUpdateCheck = 1130;
				LastUpgradeCheck = 1130;
				ORGANIZATIONNAME = "Dennis Prudlo";
				TargetAttributes = {
					816DC52123F0606B00E1471D = {
						CreatedOnToolsVersion = 11.3.1;
					};
				};
			};
			buildConfigurationList = 816DC51D23F0606B00E1471D /* Build configuration list for PBXProject "Indoor Architect" */;
			compatibilityVersion = "Xcode 9.3";
			developmentRegion = en;
			hasScannedForEncodings = 0;
			knownRegions = (
				en,
				Base,
			);
			mainGroup = 816DC51923F0606B00E1471D;
			productRefGroup = 816DC52323F0606B00E1471D /* Products */;
			projectDirPath = "";
			projectRoot = "";
			targets = (
				816DC52123F0606B00E1471D /* Indoor Architect */,
			);
		};
/* End PBXProject section */

/* Begin PBXResourcesBuildPhase section */
		816DC52023F0606B00E1471D /* Resources */ = {
			isa = PBXResourcesBuildPhase;
			buildActionMask = 2147483647;
			files = (
				8193C333246B0558005D6262 /* IMDFLocalizable.strings in Resources */,
				81F67DC423F0A581006B9187 /* Localizable.strings in Resources */,
				81241547242C144200D60ED9 /* App Icon.xcassets in Resources */,
				8174854A2418177F00EE3E12 /* ISO-3166-2.plist in Resources */,
				81F67DC923F0AA5E006B9187 /* LaunchScreen.storyboard in Resources */,
				8124FD6924571D0D0099581E /* ISO-3166-2-units.plist in Resources */,
			);
			runOnlyForDeploymentPostprocessing = 0;
		};
/* End PBXResourcesBuildPhase section */

/* Begin PBXShellScriptBuildPhase section */
		816DC53923F061CB00E1471D /* Increment Build */ = {
			isa = PBXShellScriptBuildPhase;
			buildActionMask = 12;
			files = (
			);
			inputFileListPaths = (
			);
			inputPaths = (
			);
			name = "Increment Build";
			outputFileListPaths = (
			);
			outputPaths = (
			);
			runOnlyForDeploymentPostprocessing = 0;
			shellPath = /bin/sh;
			shellScript = "buildNumber=$(/usr/libexec/PlistBuddy -c \"Print CFBundleVersion\" \"${INFOPLIST_FILE}\")\nbuildNumber=$(($buildNumber + 1))\n/usr/libexec/PlistBuddy -c \"Set :CFBundleVersion $buildNumber\" \"${INFOPLIST_FILE}\"\n";
		};
/* End PBXShellScriptBuildPhase section */

/* Begin PBXSourcesBuildPhase section */
		816DC51E23F0606B00E1471D /* Sources */ = {
			isa = PBXSourcesBuildPhase;
			buildActionMask = 2147483647;
			files = (
				8193C339246B1E04005D6262 /* FeatureRestrictionPickerController.swift in Sources */,
				81D580B0240B02560049B17F /* ProjectArchiveSection.swift in Sources */,
				814EBB78241D71150028225C /* MCDistanceRuler.swift in Sources */,
				81F67DB323F06F6E006B9187 /* Application.swift in Sources */,
				8153BB22241FB78B00FF6335 /* MCShapeAssembler.swift in Sources */,
				8141C7E023FAEE15008AC7DD /* MCMapCanvas.swift in Sources */,
				81D580AC240AF0350049B17F /* IMDFArchive.swift in Sources */,
				81F67DAE23F06A4B006B9187 /* MasterController.swift in Sources */,
				8120AC7F23F9505300696FCA /* ProjectExplorerProjectTableViewCell.swift in Sources */,
				81F67DBF23F0A36A006B9187 /* Icon.swift in Sources */,
				81F67DDE23F19458006B9187 /* IMDFProject.swift in Sources */,
				8153BB20241FB76700FF6335 /* MCPointAssembler.swift in Sources */,
				81A58E05240ADBC5008873E9 /* ProjectMetaInfoSection.swift in Sources */,
				810D0D0123F3284100DC5D74 /* IMDFProjectManifest.swift in Sources */,
				810A79C2248C1A5900962B2D /* FeatureChangeController.swift in Sources */,
				81AE8E5124193C90007C8093 /* IMDFAnchorAnnotation.swift in Sources */,
				81053579248E755600C602DC /* IMDFVenueOverlay.swift in Sources */,
				814EBB74241D626E0028225C /* RulerView.swift in Sources */,
				817323222423EDF10050AD34 /* InitialPanGestureRecognizer.swift in Sources */,
				8105357E248E7BB800C602DC /* VenueEditCategoryController.swift in Sources */,
				81A58DFF240ABB24008873E9 /* WelcomeController.swift in Sources */,
				81E48EF5242147E600837EEF /* Renderer.swift in Sources */,
				8193C32D246AF739005D6262 /* PolygonalFeatureEditController.swift in Sources */,
				8153BB2C241FCA3500FF6335 /* MCDrawingConfirmToolStackItem.swift in Sources */,
				8153BB28241FBDC300FF6335 /* IMDFType.swift in Sources */,
				8182AFD3247D980B00925FF2 /* AboutTableViewCell.swift in Sources */,
				8182AFD5247D9F9700925FF2 /* TableViewUtils.swift in Sources */,
				8182AFCA247D657300925FF2 /* FeatureDisplayPointController.swift in Sources */,
				81B1F7FB23F87A16004AF904 /* ProjectExplorerHandler.swift in Sources */,
				81F67DD923F164FF006B9187 /* TextInputTableViewCell.swift in Sources */,
				81F67DB723F09971006B9187 /* Color.swift in Sources */,
				818D1DCB246861BF0058E4E5 /* IATableViewController.swift in Sources */,
				81D580C1240C20400049B17F /* ProjectAddressLocalityController.swift in Sources */,
				81D580B8240C005E0049B17F /* Feature.swift in Sources */,
				8105357C248E785E00C602DC /* VenueEditController.swift in Sources */,
				810A79C0248C0EF800962B2D /* FeatureCoordinatesController.swift in Sources */,
				81A58E09240AE249008873E9 /* ButtonSetTableViewCell.swift in Sources */,
				81F67DC123F0A4EC006B9187 /* Localizable.swift in Sources */,
				816DC52623F0606B00E1471D /* AppDelegate.swift in Sources */,
				8153BB2E241FD0FC00FF6335 /* IMDFUnitOverlay.swift in Sources */,
				81D580BA240C04150049B17F /* Address.swift in Sources */,
				81F67DB023F06A64006B9187 /* ProjectController.swift in Sources */,
				814F5FCE24688D6C004E0215 /* MKPolygonUtils.swift in Sources */,
				81E2FA4C2401999D00CA82AA /* MCCloseToolStackItem.swift in Sources */,
				8153BB2A241FC13A00FF6335 /* MCPolygonAssembler.swift in Sources */,
				817C3F6E245DC84800D00034 /* CGPointUtils.swift in Sources */,
				81A58E01240ABEA8008873E9 /* ProjectGeneralSection.swift in Sources */,
				8174854C24182A4400EE3E12 /* DetailTableViewController.swift in Sources */,
				81DBBC4E2401A6D5008AEE60 /* MCCoordinateToolStack.swift in Sources */,
				81D580BC240C0ADD0049B17F /* ProjectAddressController.swift in Sources */,
				81A58E03240AD1E1008873E9 /* ProjectDeleteSection.swift in Sources */,
				816DC52823F0606B00E1471D /* SceneDelegate.swift in Sources */,
				81053580248E8B8F00C602DC /* MCDrawingConfirmToolStack.swift in Sources */,
				81DBBC4C2401A1FA008AEE60 /* MCDrawingToolStackItem.swift in Sources */,
				81F67DCE23F13E1B006B9187 /* ProjectExplorerSectionHeaderView.swift in Sources */,
				8153BB24241FBC4F00FF6335 /* Venue.swift in Sources */,
				8182AFC8247D4C6F00925FF2 /* FeatureLabelsComposeController.swift in Sources */,
				814EBB76241D6A170028225C /* Spacing.swift in Sources */,
				8193C337246B0E34005D6262 /* FeatureAccessibilityPickerController.swift in Sources */,
				814F5FD124688FA1004E0215 /* UnitsEditController.swift in Sources */,
				8193C330246AFDF5005D6262 /* UnitEditCategoryController.swift in Sources */,
				817C3F72245DDACA00D00034 /* PointFeatureEditController.swift in Sources */,
				8124FD672457167A0099581E /* ISO3166.swift in Sources */,
				81D580B2240B04AC0049B17F /* ProjectExtensionController.swift in Sources */,
				81E48EF9242149F100837EEF /* MCOverlayRenderer.swift in Sources */,
				8182AFD7247DA57900925FF2 /* LeadingIconTableViewCell.swift in Sources */,
				81F67DD723F14E9F006B9187 /* ProjectCreateController.swift in Sources */,
				817C3F70245DDA8200D00034 /* AnchorsEditController.swift in Sources */,
				81F67DDB23F16A28006B9187 /* ButtonTableViewCell.swift in Sources */,
				81D580AE240AF0BB0049B17F /* Manifest.swift in Sources */,
				812608F02458A19300FF0D08 /* AnchorsListController.swift in Sources */,
				81D580B6240BEDA60049B17F /* Extension.swift in Sources */,
				81D580B4240B0BDD0049B17F /* ProjectExtensionEditController.swift in Sources */,
				8182AFC6247D443800925FF2 /* FeatureLabelsController.swift in Sources */,
				81D580C3240D13310049B17F /* ComposePopoverController.swift in Sources */,
				817C3F74245DDAF900D00034 /* FeatureEditController.swift in Sources */,
				81A58DFD240AB9FE008873E9 /* ProjectSection.swift in Sources */,
				8141C7DC23FAE980008AC7DD /* Constraints.swift in Sources */,
				8182AFCD247D686A00925FF2 /* SwitchTableViewCell.swift in Sources */,
				8182AFD0247D94D600925FF2 /* AboutController.swift in Sources */,
				8141C7DA23FAD075008AC7DD /* Style.swift in Sources */,
				81E48EF324213A1000837EEF /* MCPolygonRenderer.swift in Sources */,
				81AE8E4D24191C70007C8093 /* Anchor.swift in Sources */,
				81AE8E552419413C007C8093 /* PointAnnotationView.swift in Sources */,
				813B3E4E23F899D700D02404 /* MapCanvasViewController.swift in Sources */,
				818D1DCD24687A2D0058E4E5 /* Unit.swift in Sources */,
				81D580BF240C133D0049B17F /* ProjectAddressEditController.swift in Sources */,
				8141C7E623FAF91E008AC7DD /* MCToolStackItem.swift in Sources */,
				81DBBC4A24019FF3008AEE60 /* MCLabelToolStackItem.swift in Sources */,
				8120AC8123F9982800696FCA /* ScrollViewController.swift in Sources */,
				81F67DD223F1411B006B9187 /* FontUtils.swift in Sources */,
				81E48EF72421492300837EEF /* MCPolylineRenderer.swift in Sources */,
				81F67DE023F195D9006B9187 /* ProjectManager.swift in Sources */,
				81B1F7F923F86513004AF904 /* ProjectExplorerPlaceholderCell.swift in Sources */,
				81A58E07240AE0A0008873E9 /* ProjectActionSection.swift in Sources */,
				816DC53E23F0679900E1471D /* RootController.swift in Sources */,
				8141C7E423FAF8AB008AC7DD /* MCToolStack.swift in Sources */,
				81E2FA462401486C00CA82AA /* MCSlidingInfoToolStack.swift in Sources */,
			);
			runOnlyForDeploymentPostprocessing = 0;
		};
/* End PBXSourcesBuildPhase section */

/* Begin PBXVariantGroup section */
		8193C335246B0558005D6262 /* IMDFLocalizable.strings */ = {
			isa = PBXVariantGroup;
			children = (
				8193C334246B0558005D6262 /* en */,
			);
			name = IMDFLocalizable.strings;
			sourceTree = "<group>";
		};
		81F67DC623F0A581006B9187 /* Localizable.strings */ = {
			isa = PBXVariantGroup;
			children = (
				81F67DC523F0A581006B9187 /* en */,
			);
			name = Localizable.strings;
			sourceTree = "<group>";
		};
/* End PBXVariantGroup section */

/* Begin XCBuildConfiguration section */
		816DC53423F0606E00E1471D /* Debug */ = {
			isa = XCBuildConfiguration;
			buildSettings = {
				ALWAYS_SEARCH_USER_PATHS = NO;
				CLANG_ANALYZER_LOCALIZABILITY_NONLOCALIZED = YES;
				CLANG_ANALYZER_NONNULL = YES;
				CLANG_ANALYZER_NUMBER_OBJECT_CONVERSION = YES_AGGRESSIVE;
				CLANG_CXX_LANGUAGE_STANDARD = "gnu++14";
				CLANG_CXX_LIBRARY = "libc++";
				CLANG_ENABLE_MODULES = YES;
				CLANG_ENABLE_OBJC_ARC = YES;
				CLANG_ENABLE_OBJC_WEAK = YES;
				CLANG_WARN_BLOCK_CAPTURE_AUTORELEASING = YES;
				CLANG_WARN_BOOL_CONVERSION = YES;
				CLANG_WARN_COMMA = YES;
				CLANG_WARN_CONSTANT_CONVERSION = YES;
				CLANG_WARN_DEPRECATED_OBJC_IMPLEMENTATIONS = YES;
				CLANG_WARN_DIRECT_OBJC_ISA_USAGE = YES_ERROR;
				CLANG_WARN_DOCUMENTATION_COMMENTS = YES;
				CLANG_WARN_EMPTY_BODY = YES;
				CLANG_WARN_ENUM_CONVERSION = YES;
				CLANG_WARN_INFINITE_RECURSION = YES;
				CLANG_WARN_INT_CONVERSION = YES;
				CLANG_WARN_NON_LITERAL_NULL_CONVERSION = YES;
				CLANG_WARN_OBJC_IMPLICIT_RETAIN_SELF = YES;
				CLANG_WARN_OBJC_LITERAL_CONVERSION = YES;
				CLANG_WARN_OBJC_ROOT_CLASS = YES_ERROR;
				CLANG_WARN_RANGE_LOOP_ANALYSIS = YES;
				CLANG_WARN_STRICT_PROTOTYPES = YES;
				CLANG_WARN_SUSPICIOUS_MOVE = YES;
				CLANG_WARN_UNGUARDED_AVAILABILITY = YES_AGGRESSIVE;
				CLANG_WARN_UNREACHABLE_CODE = YES;
				CLANG_WARN__DUPLICATE_METHOD_MATCH = YES;
				COPY_PHASE_STRIP = NO;
				DEBUG_INFORMATION_FORMAT = dwarf;
				ENABLE_STRICT_OBJC_MSGSEND = YES;
				ENABLE_TESTABILITY = YES;
				GCC_C_LANGUAGE_STANDARD = gnu11;
				GCC_DYNAMIC_NO_PIC = NO;
				GCC_NO_COMMON_BLOCKS = YES;
				GCC_OPTIMIZATION_LEVEL = 0;
				GCC_PREPROCESSOR_DEFINITIONS = (
					"DEBUG=1",
					"$(inherited)",
				);
				GCC_WARN_64_TO_32_BIT_CONVERSION = YES;
				GCC_WARN_ABOUT_RETURN_TYPE = YES_ERROR;
				GCC_WARN_UNDECLARED_SELECTOR = YES;
				GCC_WARN_UNINITIALIZED_AUTOS = YES_AGGRESSIVE;
				GCC_WARN_UNUSED_FUNCTION = YES;
				GCC_WARN_UNUSED_VARIABLE = YES;
				IPHONEOS_DEPLOYMENT_TARGET = 13.2;
				MTL_ENABLE_DEBUG_INFO = INCLUDE_SOURCE;
				MTL_FAST_MATH = YES;
				ONLY_ACTIVE_ARCH = YES;
				SDKROOT = iphoneos;
				SWIFT_ACTIVE_COMPILATION_CONDITIONS = DEBUG;
				SWIFT_OPTIMIZATION_LEVEL = "-Onone";
			};
			name = Debug;
		};
		816DC53523F0606E00E1471D /* Release */ = {
			isa = XCBuildConfiguration;
			buildSettings = {
				ALWAYS_SEARCH_USER_PATHS = NO;
				CLANG_ANALYZER_LOCALIZABILITY_NONLOCALIZED = YES;
				CLANG_ANALYZER_NONNULL = YES;
				CLANG_ANALYZER_NUMBER_OBJECT_CONVERSION = YES_AGGRESSIVE;
				CLANG_CXX_LANGUAGE_STANDARD = "gnu++14";
				CLANG_CXX_LIBRARY = "libc++";
				CLANG_ENABLE_MODULES = YES;
				CLANG_ENABLE_OBJC_ARC = YES;
				CLANG_ENABLE_OBJC_WEAK = YES;
				CLANG_WARN_BLOCK_CAPTURE_AUTORELEASING = YES;
				CLANG_WARN_BOOL_CONVERSION = YES;
				CLANG_WARN_COMMA = YES;
				CLANG_WARN_CONSTANT_CONVERSION = YES;
				CLANG_WARN_DEPRECATED_OBJC_IMPLEMENTATIONS = YES;
				CLANG_WARN_DIRECT_OBJC_ISA_USAGE = YES_ERROR;
				CLANG_WARN_DOCUMENTATION_COMMENTS = YES;
				CLANG_WARN_EMPTY_BODY = YES;
				CLANG_WARN_ENUM_CONVERSION = YES;
				CLANG_WARN_INFINITE_RECURSION = YES;
				CLANG_WARN_INT_CONVERSION = YES;
				CLANG_WARN_NON_LITERAL_NULL_CONVERSION = YES;
				CLANG_WARN_OBJC_IMPLICIT_RETAIN_SELF = YES;
				CLANG_WARN_OBJC_LITERAL_CONVERSION = YES;
				CLANG_WARN_OBJC_ROOT_CLASS = YES_ERROR;
				CLANG_WARN_RANGE_LOOP_ANALYSIS = YES;
				CLANG_WARN_STRICT_PROTOTYPES = YES;
				CLANG_WARN_SUSPICIOUS_MOVE = YES;
				CLANG_WARN_UNGUARDED_AVAILABILITY = YES_AGGRESSIVE;
				CLANG_WARN_UNREACHABLE_CODE = YES;
				CLANG_WARN__DUPLICATE_METHOD_MATCH = YES;
				COPY_PHASE_STRIP = NO;
				DEBUG_INFORMATION_FORMAT = "dwarf-with-dsym";
				ENABLE_NS_ASSERTIONS = NO;
				ENABLE_STRICT_OBJC_MSGSEND = YES;
				GCC_C_LANGUAGE_STANDARD = gnu11;
				GCC_NO_COMMON_BLOCKS = YES;
				GCC_WARN_64_TO_32_BIT_CONVERSION = YES;
				GCC_WARN_ABOUT_RETURN_TYPE = YES_ERROR;
				GCC_WARN_UNDECLARED_SELECTOR = YES;
				GCC_WARN_UNINITIALIZED_AUTOS = YES_AGGRESSIVE;
				GCC_WARN_UNUSED_FUNCTION = YES;
				GCC_WARN_UNUSED_VARIABLE = YES;
				IPHONEOS_DEPLOYMENT_TARGET = 13.2;
				MTL_ENABLE_DEBUG_INFO = NO;
				MTL_FAST_MATH = YES;
				SDKROOT = iphoneos;
				SWIFT_COMPILATION_MODE = wholemodule;
				SWIFT_OPTIMIZATION_LEVEL = "-O";
				VALIDATE_PRODUCT = YES;
			};
			name = Release;
		};
		816DC53723F0606E00E1471D /* Debug */ = {
			isa = XCBuildConfiguration;
			buildSettings = {
				ASSETCATALOG_COMPILER_APPICON_NAME = AppIcon;
				CODE_SIGN_STYLE = Automatic;
				CURRENT_PROJECT_VERSION = 1;
				DEVELOPMENT_TEAM = K7LCLT365X;
				INFOPLIST_FILE = "Indoor Architect/Supporting Files/Info.plist";
				IPHONEOS_DEPLOYMENT_TARGET = 13.0;
				LD_RUNPATH_SEARCH_PATHS = (
					"$(inherited)",
					"@executable_path/Frameworks",
				);
				PRODUCT_BUNDLE_IDENTIFIER = com.dennisprudlo.indoorarchitect;
				PRODUCT_NAME = "$(TARGET_NAME)";
				SWIFT_VERSION = 5.0;
				TARGETED_DEVICE_FAMILY = "1,2";
			};
			name = Debug;
		};
		816DC53823F0606E00E1471D /* Release */ = {
			isa = XCBuildConfiguration;
			buildSettings = {
				ASSETCATALOG_COMPILER_APPICON_NAME = AppIcon;
				CODE_SIGN_STYLE = Automatic;
				CURRENT_PROJECT_VERSION = 1;
				DEVELOPMENT_TEAM = K7LCLT365X;
				INFOPLIST_FILE = "Indoor Architect/Supporting Files/Info.plist";
				IPHONEOS_DEPLOYMENT_TARGET = 13.0;
				LD_RUNPATH_SEARCH_PATHS = (
					"$(inherited)",
					"@executable_path/Frameworks",
				);
				PRODUCT_BUNDLE_IDENTIFIER = com.dennisprudlo.indoorarchitect;
				PRODUCT_NAME = "$(TARGET_NAME)";
				SWIFT_VERSION = 5.0;
				TARGETED_DEVICE_FAMILY = "1,2";
			};
			name = Release;
		};
/* End XCBuildConfiguration section */

/* Begin XCConfigurationList section */
		816DC51D23F0606B00E1471D /* Build configuration list for PBXProject "Indoor Architect" */ = {
			isa = XCConfigurationList;
			buildConfigurations = (
				816DC53423F0606E00E1471D /* Debug */,
				816DC53523F0606E00E1471D /* Release */,
			);
			defaultConfigurationIsVisible = 0;
			defaultConfigurationName = Release;
		};
		816DC53623F0606E00E1471D /* Build configuration list for PBXNativeTarget "Indoor Architect" */ = {
			isa = XCConfigurationList;
			buildConfigurations = (
				816DC53723F0606E00E1471D /* Debug */,
				816DC53823F0606E00E1471D /* Release */,
			);
			defaultConfigurationIsVisible = 0;
			defaultConfigurationName = Release;
		};
/* End XCConfigurationList section */
	};
	rootObject = 816DC51A23F0606B00E1471D /* Project object */;
}
